
Microsoft Visual Studio Solution File, Format Version 12.00
# Visual Studio Version 17
VisualStudioVersion = 17.3.32922.545
MinimumVisualStudioVersion = 10.0.40219.1
Project("{FAE04EC0-301F-11D3-BF4B-00C04F79EFBC}") = "StackAndQueue", "StackAndQueue\StackAndQueue.csproj", "{476C5F1C-BFA8-4CAF-AC46-44335A60997D}"
EndProject
Global
	GlobalSection(SolutionConfigurationPlatforms) = preSolution
		Debug|Any CPU = Debug|Any CPU
		Release|Any CPU = Release|Any CPU
	EndGlobalSection
	GlobalSection(ProjectConfigurationPlatforms) = postSolution
		{476C5F1C-BFA8-4CAF-AC46-44335A60997D}.Debug|Any CPU.ActiveCfg = Debug|Any CPU
		{476C5F1C-BFA8-4CAF-AC46-44335A60997D}.Debug|Any CPU.Build.0 = Debug|Any CPU
		{476C5F1C-BFA8-4CAF-AC46-44335A60997D}.Release|Any CPU.ActiveCfg = Release|Any CPU
		{476C5F1C-BFA8-4CAF-AC46-44335A60997D}.Release|Any CPU.Build.0 = Release|Any CPU
	EndGlobalSection
	GlobalSection(SolutionProperties) = preSolution
		HideSolutionNode = FALSE
	EndGlobalSection
	GlobalSection(ExtensibilityGlobals) = postSolution
		SolutionGuid = {65684CA4-5D9D-4039-BC49-9365067E2C86}
	EndGlobalSection
EndGlobal
